
Microsoft Visual Studio Solution File, Format Version 12.00
# Visual Studio Version 17
VisualStudioVersion = 17.4.33213.308
MinimumVisualStudioVersion = 10.0.40219.1
Project("{FAE04EC0-301F-11D3-BF4B-00C04F79EFBC}") = "TesthibridConnetions", "TesthibridConnetions\TesthibridConnetions.csproj", "{27B82DDD-FEDC-441F-9AAB-3C7848125AB2}"
EndProject
Global
	GlobalSection(SolutionConfigurationPlatforms) = preSolution
		Debug|Any CPU = Debug|Any CPU
		Release|Any CPU = Release|Any CPU
	EndGlobalSection
	GlobalSection(ProjectConfigurationPlatforms) = postSolution
		{27B82DDD-FEDC-441F-9AAB-3C7848125AB2}.Debug|Any CPU.ActiveCfg = Debug|Any CPU
		{27B82DDD-FEDC-441F-9AAB-3C7848125AB2}.Debug|Any CPU.Build.0 = Debug|Any CPU
		{27B82DDD-FEDC-441F-9AAB-3C7848125AB2}.Release|Any CPU.ActiveCfg = Release|Any CPU
		{27B82DDD-FEDC-441F-9AAB-3C7848125AB2}.Release|Any CPU.Build.0 = Release|Any CPU
	EndGlobalSection
	GlobalSection(SolutionProperties) = preSolution
		HideSolutionNode = FALSE
	EndGlobalSection
	GlobalSection(ExtensibilityGlobals) = postSolution
		SolutionGuid = {F9B44BA1-DD8D-475B-95E8-85ADCE82A210}
	EndGlobalSection
EndGlobal
